// !$*UTF8*$!
{
	archiveVersion = 1;
	classes = {
	};
	objectVersion = 55;
	objects = {

/* Begin PBXBuildFile section */
		4B1E17A92875D66900F947C1 /* AppDelegate.swift in Sources */ = {isa = PBXBuildFile; fileRef = 4B1E17A82875D66900F947C1 /* AppDelegate.swift */; };
		4B1E17AD2875D66900F947C1 /* ViewController.swift in Sources */ = {isa = PBXBuildFile; fileRef = 4B1E17AC2875D66900F947C1 /* ViewController.swift */; };
		4B1E17B22875D66C00F947C1 /* Assets.xcassets in Resources */ = {isa = PBXBuildFile; fileRef = 4B1E17B12875D66C00F947C1 /* Assets.xcassets */; };
		4B1E17B52875D66C00F947C1 /* LaunchScreen.storyboard in Resources */ = {isa = PBXBuildFile; fileRef = 4B1E17B32875D66C00F947C1 /* LaunchScreen.storyboard */; };
		4B1E17BD2876E94D00F947C1 /* BeerTableViewCell.swift in Sources */ = {isa = PBXBuildFile; fileRef = 4B1E17BC2876E94D00F947C1 /* BeerTableViewCell.swift */; };
		4B1E17BF287717D200F947C1 /* Beer.swift in Sources */ = {isa = PBXBuildFile; fileRef = 4B1E17BE287717D200F947C1 /* Beer.swift */; };
		4B1E17C1287718DD00F947C1 /* APIManager.swift in Sources */ = {isa = PBXBuildFile; fileRef = 4B1E17C0287718DD00F947C1 /* APIManager.swift */; };
		4B1E17C42877288800F947C1 /* SceneDelegate.swift in Sources */ = {isa = PBXBuildFile; fileRef = 4B1E17C32877288800F947C1 /* SceneDelegate.swift */; };
		4BA7C2222878607E00ECD145 /* Item.swift in Sources */ = {isa = PBXBuildFile; fileRef = 4BA7C2212878607E00ECD145 /* Item.swift */; };
		4BA7C2242878611500ECD145 /* ImageCache.swift in Sources */ = {isa = PBXBuildFile; fileRef = 4BA7C2232878611500ECD145 /* ImageCache.swift */; };
		4BA7C2262878638100ECD145 /* ImageLoader.swift in Sources */ = {isa = PBXBuildFile; fileRef = 4BA7C2252878638100ECD145 /* ImageLoader.swift */; };
		4BA7C22F287A03CA00ECD145 /* DetailViewController.swift in Sources */ = {isa = PBXBuildFile; fileRef = 4BA7C22E287A03CA00ECD145 /* DetailViewController.swift */; };
		4BA7C232287A08B300ECD145 /* SnapKit in Frameworks */ = {isa = PBXBuildFile; productRef = 4BA7C231287A08B300ECD145 /* SnapKit */; };
		4BA7C236287ACEB100ECD145 /* Theme.swift in Sources */ = {isa = PBXBuildFile; fileRef = 4BA7C235287ACEB100ECD145 /* Theme.swift */; };
/* End PBXBuildFile section */

/* Begin PBXFileReference section */
		4B1E17A52875D66900F947C1 /* BeerAPI_Test_Poddubnyy.app */ = {isa = PBXFileReference; explicitFileType = wrapper.application; includeInIndex = 0; path = BeerAPI_Test_Poddubnyy.app; sourceTree = BUILT_PRODUCTS_DIR; };
		4B1E17A82875D66900F947C1 /* AppDelegate.swift */ = {isa = PBXFileReference; lastKnownFileType = sourcecode.swift; path = AppDelegate.swift; sourceTree = "<group>"; };
		4B1E17AC2875D66900F947C1 /* ViewController.swift */ = {isa = PBXFileReference; lastKnownFileType = sourcecode.swift; path = ViewController.swift; sourceTree = "<group>"; };
		4B1E17B12875D66C00F947C1 /* Assets.xcassets */ = {isa = PBXFileReference; lastKnownFileType = folder.assetcatalog; path = Assets.xcassets; sourceTree = "<group>"; };
		4B1E17B42875D66C00F947C1 /* Base */ = {isa = PBXFileReference; lastKnownFileType = file.storyboard; name = Base; path = Base.lproj/LaunchScreen.storyboard; sourceTree = "<group>"; };
		4B1E17B62875D66C00F947C1 /* Info.plist */ = {isa = PBXFileReference; lastKnownFileType = text.plist.xml; path = Info.plist; sourceTree = "<group>"; };
		4B1E17BC2876E94D00F947C1 /* BeerTableViewCell.swift */ = {isa = PBXFileReference; lastKnownFileType = sourcecode.swift; path = BeerTableViewCell.swift; sourceTree = "<group>"; };
		4B1E17BE287717D200F947C1 /* Beer.swift */ = {isa = PBXFileReference; lastKnownFileType = sourcecode.swift; path = Beer.swift; sourceTree = "<group>"; };
		4B1E17C0287718DD00F947C1 /* APIManager.swift */ = {isa = PBXFileReference; lastKnownFileType = sourcecode.swift; path = APIManager.swift; sourceTree = "<group>"; };
		4B1E17C32877288800F947C1 /* SceneDelegate.swift */ = {isa = PBXFileReference; lastKnownFileType = sourcecode.swift; path = SceneDelegate.swift; sourceTree = "<group>"; };
		4BA7C2212878607E00ECD145 /* Item.swift */ = {isa = PBXFileReference; lastKnownFileType = sourcecode.swift; path = Item.swift; sourceTree = "<group>"; };
		4BA7C2232878611500ECD145 /* ImageCache.swift */ = {isa = PBXFileReference; lastKnownFileType = sourcecode.swift; path = ImageCache.swift; sourceTree = "<group>"; };
		4BA7C2252878638100ECD145 /* ImageLoader.swift */ = {isa = PBXFileReference; lastKnownFileType = sourcecode.swift; path = ImageLoader.swift; sourceTree = "<group>"; };
		4BA7C22E287A03CA00ECD145 /* DetailViewController.swift */ = {isa = PBXFileReference; lastKnownFileType = sourcecode.swift; path = DetailViewController.swift; sourceTree = "<group>"; };
		4BA7C235287ACEB100ECD145 /* Theme.swift */ = {isa = PBXFileReference; lastKnownFileType = sourcecode.swift; path = Theme.swift; sourceTree = "<group>"; };
/* End PBXFileReference section */

/* Begin PBXFrameworksBuildPhase section */
		4B1E17A22875D66900F947C1 /* Frameworks */ = {
			isa = PBXFrameworksBuildPhase;
			buildActionMask = 2147483647;
			files = (
				4BA7C232287A08B300ECD145 /* SnapKit in Frameworks */,
			);
			runOnlyForDeploymentPostprocessing = 0;
		};
/* End PBXFrameworksBuildPhase section */

/* Begin PBXGroup section */
		4B1E179C2875D66900F947C1 = {
			isa = PBXGroup;
			children = (
				4B1E17A72875D66900F947C1 /* BeerAPI_Test_Poddubnyy */,
				4B1E17A62875D66900F947C1 /* Products */,
			);
			sourceTree = "<group>";
		};
		4B1E17A62875D66900F947C1 /* Products */ = {
			isa = PBXGroup;
			children = (
				4B1E17A52875D66900F947C1 /* BeerAPI_Test_Poddubnyy.app */,
			);
			name = Products;
			sourceTree = "<group>";
		};
		4B1E17A72875D66900F947C1 /* BeerAPI_Test_Poddubnyy */ = {
			isa = PBXGroup;
			children = (
				4BA7C234287ACE9300ECD145 /* Dark Theme */,
				4BA7C233287ACE0500ECD145 /* Network and Cache */,
				4B1E17C228771DAA00F947C1 /* Model */,
				4B1E17A82875D66900F947C1 /* AppDelegate.swift */,
				4B1E17C32877288800F947C1 /* SceneDelegate.swift */,
				4B1E17AC2875D66900F947C1 /* ViewController.swift */,
				4BA7C22E287A03CA00ECD145 /* DetailViewController.swift */,
				4B1E17BC2876E94D00F947C1 /* BeerTableViewCell.swift */,
				4B1E17B12875D66C00F947C1 /* Assets.xcassets */,
				4B1E17B32875D66C00F947C1 /* LaunchScreen.storyboard */,
				4B1E17B62875D66C00F947C1 /* Info.plist */,
			);
			path = BeerAPI_Test_Poddubnyy;
			sourceTree = "<group>";
		};
		4B1E17C228771DAA00F947C1 /* Model */ = {
			isa = PBXGroup;
			children = (
				4B1E17BE287717D200F947C1 /* Beer.swift */,
			);
			path = Model;
			sourceTree = "<group>";
		};
		4BA7C233287ACE0500ECD145 /* Network and Cache */ = {
			isa = PBXGroup;
			children = (
				4B1E17C0287718DD00F947C1 /* APIManager.swift */,
				4BA7C2232878611500ECD145 /* ImageCache.swift */,
				4BA7C2252878638100ECD145 /* ImageLoader.swift */,
				4BA7C2212878607E00ECD145 /* Item.swift */,
			);
			path = "Network and Cache";
			sourceTree = "<group>";
		};
		4BA7C234287ACE9300ECD145 /* Dark Theme */ = {
			isa = PBXGroup;
			children = (
				4BA7C235287ACEB100ECD145 /* Theme.swift */,
			);
			path = "Dark Theme";
			sourceTree = "<group>";
		};
/* End PBXGroup section */

/* Begin PBXNativeTarget section */
		4B1E17A42875D66900F947C1 /* BeerAPI_Test_Poddubnyy */ = {
			isa = PBXNativeTarget;
			buildConfigurationList = 4B1E17B92875D66C00F947C1 /* Build configuration list for PBXNativeTarget "BeerAPI_Test_Poddubnyy" */;
			buildPhases = (
				4B1E17A12875D66900F947C1 /* Sources */,
				4B1E17A22875D66900F947C1 /* Frameworks */,
				4B1E17A32875D66900F947C1 /* Resources */,
			);
			buildRules = (
			);
			dependencies = (
			);
			name = BeerAPI_Test_Poddubnyy;
			packageProductDependencies = (
				4BA7C231287A08B300ECD145 /* SnapKit */,
			);
			productName = BeerAPI_Test_Poddubnyy;
			productReference = 4B1E17A52875D66900F947C1 /* BeerAPI_Test_Poddubnyy.app */;
			productType = "com.apple.product-type.application";
		};
/* End PBXNativeTarget section */

/* Begin PBXProject section */
		4B1E179D2875D66900F947C1 /* Project object */ = {
			isa = PBXProject;
			attributes = {
				BuildIndependentTargetsInParallel = 1;
				LastSwiftUpdateCheck = 1340;
				LastUpgradeCheck = 1340;
				TargetAttributes = {
					4B1E17A42875D66900F947C1 = {
						CreatedOnToolsVersion = 13.4.1;
					};
				};
			};
			buildConfigurationList = 4B1E17A02875D66900F947C1 /* Build configuration list for PBXProject "BeerAPI_Test_Poddubnyy" */;
			compatibilityVersion = "Xcode 13.0";
			developmentRegion = en;
			hasScannedForEncodings = 0;
			knownRegions = (
				en,
				Base,
			);
			mainGroup = 4B1E179C2875D66900F947C1;
			packageReferences = (
				4BA7C230287A08B300ECD145 /* XCRemoteSwiftPackageReference "SnapKit" */,
			);
			productRefGroup = 4B1E17A62875D66900F947C1 /* Products */;
			projectDirPath = "";
			projectRoot = "";
			targets = (
				4B1E17A42875D66900F947C1 /* BeerAPI_Test_Poddubnyy */,
			);
		};
/* End PBXProject section */

/* Begin PBXResourcesBuildPhase section */
		4B1E17A32875D66900F947C1 /* Resources */ = {
			isa = PBXResourcesBuildPhase;
			buildActionMask = 2147483647;
			files = (
				4B1E17B52875D66C00F947C1 /* LaunchScreen.storyboard in Resources */,
				4B1E17B22875D66C00F947C1 /* Assets.xcassets in Resources */,
			);
			runOnlyForDeploymentPostprocessing = 0;
		};
/* End PBXResourcesBuildPhase section */

/* Begin PBXSourcesBuildPhase section */
		4B1E17A12875D66900F947C1 /* Sources */ = {
			isa = PBXSourcesBuildPhase;
			buildActionMask = 2147483647;
			files = (
				4B1E17C1287718DD00F947C1 /* APIManager.swift in Sources */,
				4B1E17AD2875D66900F947C1 /* ViewController.swift in Sources */,
				4BA7C2242878611500ECD145 /* ImageCache.swift in Sources */,
				4B1E17A92875D66900F947C1 /* AppDelegate.swift in Sources */,
				4BA7C236287ACEB100ECD145 /* Theme.swift in Sources */,
				4B1E17BF287717D200F947C1 /* Beer.swift in Sources */,
				4BA7C2262878638100ECD145 /* ImageLoader.swift in Sources */,
				4BA7C2222878607E00ECD145 /* Item.swift in Sources */,
				4BA7C22F287A03CA00ECD145 /* DetailViewController.swift in Sources */,
				4B1E17BD2876E94D00F947C1 /* BeerTableViewCell.swift in Sources */,
				4B1E17C42877288800F947C1 /* SceneDelegate.swift in Sources */,
			);
			runOnlyForDeploymentPostprocessing = 0;
		};
/* End PBXSourcesBuildPhase section */

/* Begin PBXVariantGroup section */
		4B1E17B32875D66C00F947C1 /* LaunchScreen.storyboard */ = {
			isa = PBXVariantGroup;
			children = (
				4B1E17B42875D66C00F947C1 /* Base */,
			);
			name = LaunchScreen.storyboard;
			sourceTree = "<group>";
		};
/* End PBXVariantGroup section */

/* Begin XCBuildConfiguration section */
		4B1E17B72875D66C00F947C1 /* Debug */ = {
			isa = XCBuildConfiguration;
			buildSettings = {
				ALWAYS_SEARCH_USER_PATHS = NO;
				CLANG_ANALYZER_NONNULL = YES;
				CLANG_ANALYZER_NUMBER_OBJECT_CONVERSION = YES_AGGRESSIVE;
				CLANG_CXX_LANGUAGE_STANDARD = "gnu++17";
				CLANG_ENABLE_MODULES = YES;
				CLANG_ENABLE_OBJC_ARC = YES;
				CLANG_ENABLE_OBJC_WEAK = YES;
				CLANG_WARN_BLOCK_CAPTURE_AUTORELEASING = YES;
				CLANG_WARN_BOOL_CONVERSION = YES;
				CLANG_WARN_COMMA = YES;
				CLANG_WARN_CONSTANT_CONVERSION = YES;
				CLANG_WARN_DEPRECATED_OBJC_IMPLEMENTATIONS = YES;
				CLANG_WARN_DIRECT_OBJC_ISA_USAGE = YES_ERROR;
				CLANG_WARN_DOCUMENTATION_COMMENTS = YES;
				CLANG_WARN_EMPTY_BODY = YES;
				CLANG_WARN_ENUM_CONVERSION = YES;
				CLANG_WARN_INFINITE_RECURSION = YES;
				CLANG_WARN_INT_CONVERSION = YES;
				CLANG_WARN_NON_LITERAL_NULL_CONVERSION = YES;
				CLANG_WARN_OBJC_IMPLICIT_RETAIN_SELF = YES;
				CLANG_WARN_OBJC_LITERAL_CONVERSION = YES;
				CLANG_WARN_OBJC_ROOT_CLASS = YES_ERROR;
				CLANG_WARN_QUOTED_INCLUDE_IN_FRAMEWORK_HEADER = YES;
				CLANG_WARN_RANGE_LOOP_ANALYSIS = YES;
				CLANG_WARN_STRICT_PROTOTYPES = YES;
				CLANG_WARN_SUSPICIOUS_MOVE = YES;
				CLANG_WARN_UNGUARDED_AVAILABILITY = YES_AGGRESSIVE;
				CLANG_WARN_UNREACHABLE_CODE = YES;
				CLANG_WARN__DUPLICATE_METHOD_MATCH = YES;
				COPY_PHASE_STRIP = NO;
				DEBUG_INFORMATION_FORMAT = dwarf;
				ENABLE_STRICT_OBJC_MSGSEND = YES;
				ENABLE_TESTABILITY = YES;
				GCC_C_LANGUAGE_STANDARD = gnu11;
				GCC_DYNAMIC_NO_PIC = NO;
				GCC_NO_COMMON_BLOCKS = YES;
				GCC_OPTIMIZATION_LEVEL = 0;
				GCC_PREPROCESSOR_DEFINITIONS = (
					"DEBUG=1",
					"$(inherited)",
				);
				GCC_WARN_64_TO_32_BIT_CONVERSION = YES;
				GCC_WARN_ABOUT_RETURN_TYPE = YES_ERROR;
				GCC_WARN_UNDECLARED_SELECTOR = YES;
				GCC_WARN_UNINITIALIZED_AUTOS = YES_AGGRESSIVE;
				GCC_WARN_UNUSED_FUNCTION = YES;
				GCC_WARN_UNUSED_VARIABLE = YES;
				IPHONEOS_DEPLOYMENT_TARGET = 15.5;
				MTL_ENABLE_DEBUG_INFO = INCLUDE_SOURCE;
				MTL_FAST_MATH = YES;
				ONLY_ACTIVE_ARCH = YES;
				SDKROOT = iphoneos;
				SWIFT_ACTIVE_COMPILATION_CONDITIONS = DEBUG;
				SWIFT_OPTIMIZATION_LEVEL = "-Onone";
			};
			name = Debug;
		};
		4B1E17B82875D66C00F947C1 /* Release */ = {
			isa = XCBuildConfiguration;
			buildSettings = {
				ALWAYS_SEARCH_USER_PATHS = NO;
				CLANG_ANALYZER_NONNULL = YES;
				CLANG_ANALYZER_NUMBER_OBJECT_CONVERSION = YES_AGGRESSIVE;
				CLANG_CXX_LANGUAGE_STANDARD = "gnu++17";
				CLANG_ENABLE_MODULES = YES;
				CLANG_ENABLE_OBJC_ARC = YES;
				CLANG_ENABLE_OBJC_WEAK = YES;
				CLANG_WARN_BLOCK_CAPTURE_AUTORELEASING = YES;
				CLANG_WARN_BOOL_CONVERSION = YES;
				CLANG_WARN_COMMA = YES;
				CLANG_WARN_CONSTANT_CONVERSION = YES;
				CLANG_WARN_DEPRECATED_OBJC_IMPLEMENTATIONS = YES;
				CLANG_WARN_DIRECT_OBJC_ISA_USAGE = YES_ERROR;
				CLANG_WARN_DOCUMENTATION_COMMENTS = YES;
				CLANG_WARN_EMPTY_BODY = YES;
				CLANG_WARN_ENUM_CONVERSION = YES;
				CLANG_WARN_INFINITE_RECURSION = YES;
				CLANG_WARN_INT_CONVERSION = YES;
				CLANG_WARN_NON_LITERAL_NULL_CONVERSION = YES;
				CLANG_WARN_OBJC_IMPLICIT_RETAIN_SELF = YES;
				CLANG_WARN_OBJC_LITERAL_CONVERSION = YES;
				CLANG_WARN_OBJC_ROOT_CLASS = YES_ERROR;
				CLANG_WARN_QUOTED_INCLUDE_IN_FRAMEWORK_HEADER = YES;
				CLANG_WARN_RANGE_LOOP_ANALYSIS = YES;
				CLANG_WARN_STRICT_PROTOTYPES = YES;
				CLANG_WARN_SUSPICIOUS_MOVE = YES;
				CLANG_WARN_UNGUARDED_AVAILABILITY = YES_AGGRESSIVE;
				CLANG_WARN_UNREACHABLE_CODE = YES;
				CLANG_WARN__DUPLICATE_METHOD_MATCH = YES;
				COPY_PHASE_STRIP = NO;
				DEBUG_INFORMATION_FORMAT = "dwarf-with-dsym";
				ENABLE_NS_ASSERTIONS = NO;
				ENABLE_STRICT_OBJC_MSGSEND = YES;
				GCC_C_LANGUAGE_STANDARD = gnu11;
				GCC_NO_COMMON_BLOCKS = YES;
				GCC_WARN_64_TO_32_BIT_CONVERSION = YES;
				GCC_WARN_ABOUT_RETURN_TYPE = YES_ERROR;
				GCC_WARN_UNDECLARED_SELECTOR = YES;
				GCC_WARN_UNINITIALIZED_AUTOS = YES_AGGRESSIVE;
				GCC_WARN_UNUSED_FUNCTION = YES;
				GCC_WARN_UNUSED_VARIABLE = YES;
				IPHONEOS_DEPLOYMENT_TARGET = 15.5;
				MTL_ENABLE_DEBUG_INFO = NO;
				MTL_FAST_MATH = YES;
				SDKROOT = iphoneos;
				SWIFT_COMPILATION_MODE = wholemodule;
				SWIFT_OPTIMIZATION_LEVEL = "-O";
				VALIDATE_PRODUCT = YES;
			};
			name = Release;
		};
		4B1E17BA2875D66C00F947C1 /* Debug */ = {
			isa = XCBuildConfiguration;
			buildSettings = {
				ASSETCATALOG_COMPILER_APPICON_NAME = AppIcon;
				ASSETCATALOG_COMPILER_GLOBAL_ACCENT_COLOR_NAME = AccentColor;
				CODE_SIGN_STYLE = Automatic;
				CURRENT_PROJECT_VERSION = 1;
				DEVELOPMENT_TEAM = 9ZFC28246W;
				GENERATE_INFOPLIST_FILE = YES;
				INFOPLIST_FILE = BeerAPI_Test_Poddubnyy/Info.plist;
				INFOPLIST_KEY_UIApplicationSupportsIndirectInputEvents = YES;
				INFOPLIST_KEY_UILaunchStoryboardName = LaunchScreen;
				INFOPLIST_KEY_UISupportedInterfaceOrientations_iPad = "UIInterfaceOrientationPortrait UIInterfaceOrientationPortraitUpsideDown UIInterfaceOrientationLandscapeLeft UIInterfaceOrientationLandscapeRight";
				INFOPLIST_KEY_UISupportedInterfaceOrientations_iPhone = "UIInterfaceOrientationPortrait UIInterfaceOrientationLandscapeLeft UIInterfaceOrientationLandscapeRight";
				IPHONEOS_DEPLOYMENT_TARGET = 12.0;
				LD_RUNPATH_SEARCH_PATHS = (
					"$(inherited)",
					"@executable_path/Frameworks",
				);
				MARKETING_VERSION = 1.0;
				PRODUCT_BUNDLE_IDENTIFIER = "ru.poddubny.BeerAPI-Test-Poddubnyy";
				PRODUCT_NAME = "$(TARGET_NAME)";
				SWIFT_EMIT_LOC_STRINGS = YES;
				SWIFT_VERSION = 5.0;
				TARGETED_DEVICE_FAMILY = "1,2";
			};
			name = Debug;
		};
		4B1E17BB2875D66C00F947C1 /* Release */ = {
			isa = XCBuildConfiguration;
			buildSettings = {
				ASSETCATALOG_COMPILER_APPICON_NAME = AppIcon;
				ASSETCATALOG_COMPILER_GLOBAL_ACCENT_COLOR_NAME = AccentColor;
				CODE_SIGN_STYLE = Automatic;
				CURRENT_PROJECT_VERSION = 1;
				DEVELOPMENT_TEAM = 9ZFC28246W;
				GENERATE_INFOPLIST_FILE = YES;
				INFOPLIST_FILE = BeerAPI_Test_Poddubnyy/Info.plist;
				INFOPLIST_KEY_UIApplicationSupportsIndirectInputEvents = YES;
				INFOPLIST_KEY_UILaunchStoryboardName = LaunchScreen;
				INFOPLIST_KEY_UISupportedInterfaceOrientations_iPad = "UIInterfaceOrientationPortrait UIInterfaceOrientationPortraitUpsideDown UIInterfaceOrientationLandscapeLeft UIInterfaceOrientationLandscapeRight";
				INFOPLIST_KEY_UISupportedInterfaceOrientations_iPhone = "UIInterfaceOrientationPortrait UIInterfaceOrientationLandscapeLeft UIInterfaceOrientationLandscapeRight";
				IPHONEOS_DEPLOYMENT_TARGET = 12.0;
				LD_RUNPATH_SEARCH_PATHS = (
					"$(inherited)",
					"@executable_path/Frameworks",
				);
				MARKETING_VERSION = 1.0;
				PRODUCT_BUNDLE_IDENTIFIER = "ru.poddubny.BeerAPI-Test-Poddubnyy";
				PRODUCT_NAME = "$(TARGET_NAME)";
				SWIFT_EMIT_LOC_STRINGS = YES;
				SWIFT_VERSION = 5.0;
				TARGETED_DEVICE_FAMILY = "1,2";
			};
			name = Release;
		};
/* End XCBuildConfiguration section */

/* Begin XCConfigurationList section */
		4B1E17A02875D66900F947C1 /* Build configuration list for PBXProject "BeerAPI_Test_Poddubnyy" */ = {
			isa = XCConfigurationList;
			buildConfigurations = (
				4B1E17B72875D66C00F947C1 /* Debug */,
				4B1E17B82875D66C00F947C1 /* Release */,
			);
			defaultConfigurationIsVisible = 0;
			defaultConfigurationName = Release;
		};
		4B1E17B92875D66C00F947C1 /* Build configuration list for PBXNativeTarget "BeerAPI_Test_Poddubnyy" */ = {
			isa = XCConfigurationList;
			buildConfigurations = (
				4B1E17BA2875D66C00F947C1 /* Debug */,
				4B1E17BB2875D66C00F947C1 /* Release */,
			);
			defaultConfigurationIsVisible = 0;
			defaultConfigurationName = Release;
		};
/* End XCConfigurationList section */

/* Begin XCRemoteSwiftPackageReference section */
		4BA7C230287A08B300ECD145 /* XCRemoteSwiftPackageReference "SnapKit" */ = {
			isa = XCRemoteSwiftPackageReference;
			repositoryURL = "https://github.com/SnapKit/SnapKit.git";
			requirement = {
				branch = develop;
				kind = branch;
			};
		};
/* End XCRemoteSwiftPackageReference section */

/* Begin XCSwiftPackageProductDependency section */
		4BA7C231287A08B300ECD145 /* SnapKit */ = {
			isa = XCSwiftPackageProductDependency;
			package = 4BA7C230287A08B300ECD145 /* XCRemoteSwiftPackageReference "SnapKit" */;
			productName = SnapKit;
		};
/* End XCSwiftPackageProductDependency section */
	};
	rootObject = 4B1E179D2875D66900F947C1 /* Project object */;
}
